
Microsoft Visual Studio Solution File, Format Version 12.00
# Visual Studio Version 17
VisualStudioVersion = 17.14.36603.0 d17.14
MinimumVisualStudioVersion = 10.0.40219.1
Project("{FAE04EC0-301F-11D3-BF4B-00C04F79EFBC}") = "DotNetAndCSharp", "DotNetAndCSharp\DotNetAndCSharp.csproj", "{195AA307-14BA-4CF1-8039-3426FEA1A17A}"
EndProject
Global
	GlobalSection(SolutionConfigurationPlatforms) = preSolution
		Debug|Any CPU = Debug|Any CPU
		Release|Any CPU = Release|Any CPU
	EndGlobalSection
	GlobalSection(ProjectConfigurationPlatforms) = postSolution
		{195AA307-14BA-4CF1-8039-3426FEA1A17A}.Debug|Any CPU.ActiveCfg = Debug|Any CPU
		{195AA307-14BA-4CF1-8039-3426FEA1A17A}.Debug|Any CPU.Build.0 = Debug|Any CPU
		{195AA307-14BA-4CF1-8039-3426FEA1A17A}.Release|Any CPU.ActiveCfg = Release|Any CPU
		{195AA307-14BA-4CF1-8039-3426FEA1A17A}.Release|Any CPU.Build.0 = Release|Any CPU
	EndGlobalSection
	GlobalSection(SolutionProperties) = preSolution
		HideSolutionNode = FALSE
	EndGlobalSection
	GlobalSection(ExtensibilityGlobals) = postSolution
		SolutionGuid = {EDC85502-20F4-4DCF-8C38-2D7CB22E16A1}
	EndGlobalSection
EndGlobal
